Microsoft Visual Studio Solution File, Format Version 11.00
# Visual Studio 2008

Project("{C8C5C39B-095B-0EEC-EBE0-398E0D86BE40}") = "PaperBender", "Assembly-CSharp-firstpass.csproj", "{3013C494-C1E7-F260-6448-9E7FB613A19A}"
EndProject
Project("{C8C5C39B-095B-0EEC-EBE0-398E0D86BE40}") = "PaperBender", "Assembly-CSharp.csproj", "{AE690BC4-F5A8-A955-6A14-8284B6580ACC}"
EndProject
Project("{C8C5C39B-095B-0EEC-EBE0-398E0D86BE40}") = "PaperBender", "Assembly-CSharp-Editor.csproj", "{B22A7198-A504-C0C3-A727-65BFE93BFAF7}"
EndProject
Project("{C8C5C39B-095B-0EEC-EBE0-398E0D86BE40}") = "PaperBender", "Assembly-UnityScript-firstpass.unityproj", "{14772FD4-1B3E-EB12-1C9F-CE77A5298E59}"
EndProject
Project("{C8C5C39B-095B-0EEC-EBE0-398E0D86BE40}") = "PaperBender", "Assembly-UnityScript.unityproj", "{14C57F3D-DC07-9573-6444-981185724CFB}"
EndProject
Global
	GlobalSection(SolutionConfigurationPlatforms) = preSolution
		Debug|Any CPU = Debug|Any CPU
		Release|Any CPU = Release|Any CPU
	EndGlobalSection
	GlobalSection(ProjectConfigurationPlatforms) = postSolution
		{3013C494-C1E7-F260-6448-9E7FB613A19A}.Debug|Any CPU.ActiveCfg = Debug|Any CPU
		{3013C494-C1E7-F260-6448-9E7FB613A19A}.Debug|Any CPU.Build.0 = Debug|Any CPU
		{3013C494-C1E7-F260-6448-9E7FB613A19A}.Release|Any CPU.ActiveCfg = Release|Any CPU
		{3013C494-C1E7-F260-6448-9E7FB613A19A}.Release|Any CPU.Build.0 = Release|Any CPU
		{AE690BC4-F5A8-A955-6A14-8284B6580ACC}.Debug|Any CPU.ActiveCfg = Debug|Any CPU
		{AE690BC4-F5A8-A955-6A14-8284B6580ACC}.Debug|Any CPU.Build.0 = Debug|Any CPU
		{AE690BC4-F5A8-A955-6A14-8284B6580ACC}.Release|Any CPU.ActiveCfg = Release|Any CPU
		{AE690BC4-F5A8-A955-6A14-8284B6580ACC}.Release|Any CPU.Build.0 = Release|Any CPU
		{B22A7198-A504-C0C3-A727-65BFE93BFAF7}.Debug|Any CPU.ActiveCfg = Debug|Any CPU
		{B22A7198-A504-C0C3-A727-65BFE93BFAF7}.Debug|Any CPU.Build.0 = Debug|Any CPU
		{B22A7198-A504-C0C3-A727-65BFE93BFAF7}.Release|Any CPU.ActiveCfg = Release|Any CPU
		{B22A7198-A504-C0C3-A727-65BFE93BFAF7}.Release|Any CPU.Build.0 = Release|Any CPU
		{14772FD4-1B3E-EB12-1C9F-CE77A5298E59}.Debug|Any CPU.ActiveCfg = Debug|Any CPU
		{14772FD4-1B3E-EB12-1C9F-CE77A5298E59}.Debug|Any CPU.Build.0 = Debug|Any CPU
		{14772FD4-1B3E-EB12-1C9F-CE77A5298E59}.Release|Any CPU.ActiveCfg = Release|Any CPU
		{14772FD4-1B3E-EB12-1C9F-CE77A5298E59}.Release|Any CPU.Build.0 = Release|Any CPU
		{14C57F3D-DC07-9573-6444-981185724CFB}.Debug|Any CPU.ActiveCfg = Debug|Any CPU
		{14C57F3D-DC07-9573-6444-981185724CFB}.Debug|Any CPU.Build.0 = Debug|Any CPU
		{14C57F3D-DC07-9573-6444-981185724CFB}.Release|Any CPU.ActiveCfg = Release|Any CPU
		{14C57F3D-DC07-9573-6444-981185724CFB}.Release|Any CPU.Build.0 = Release|Any CPU
	EndGlobalSection
	GlobalSection(SolutionProperties) = preSolution
		HideSolutionNode = FALSE
	EndGlobalSection
																											GlobalSection(MonoDevelopProperties) = preSolution
		StartupItem = Assembly-CSharp.csproj
		Policies = $0
		$0.TextStylePolicy = $1
		$1.inheritsSet = null
		$1.scope = text/x-csharp
		$0.CSharpFormattingPolicy = $2
		$2.inheritsSet = Mono
		$2.inheritsScope = text/x-csharp
		$2.scope = text/x-csharp
		$0.TextStylePolicy = $3
		$3.FileWidth = 120
		$3.TabWidth = 4
		$3.EolMarker = Unix
		$3.inheritsSet = Mono
		$3.inheritsScope = text/plain
		$3.scope = text/plain
	EndGlobalSection

EndGlobal
